
Microsoft Visual Studio Solution File, Format Version 12.00
# Visual Studio 15
VisualStudioVersion = 15.0.27703.2042
MinimumVisualStudioVersion = 10.0.40219.1
Project("{FAE04EC0-301F-11D3-BF4B-00C04F79EFBC}") = "ReversedUmbrella", "ReversedUmbrella\ReversedUmbrella.csproj", "{1A7104C5-D7F7-4998-8AFE-F34C259E4693}"
EndProject
Global
	GlobalSection(SolutionConfigurationPlatforms) = preSolution
		Debug|Any CPU = Debug|Any CPU
		Release|Any CPU = Release|Any CPU
	EndGlobalSection
	GlobalSection(ProjectConfigurationPlatforms) = postSolution
		{1A7104C5-D7F7-4998-8AFE-F34C259E4693}.Debug|Any CPU.ActiveCfg = Debug|Any CPU
		{1A7104C5-D7F7-4998-8AFE-F34C259E4693}.Debug|Any CPU.Build.0 = Debug|Any CPU
		{1A7104C5-D7F7-4998-8AFE-F34C259E4693}.Release|Any CPU.ActiveCfg = Release|Any CPU
		{1A7104C5-D7F7-4998-8AFE-F34C259E4693}.Release|Any CPU.Build.0 = Release|Any CPU
	EndGlobalSection
	GlobalSection(SolutionProperties) = preSolution
		HideSolutionNode = FALSE
	EndGlobalSection
	GlobalSection(ExtensibilityGlobals) = postSolution
		SolutionGuid = {C721FBDD-619A-4FA6-9C73-5EEE2AEE9095}
	EndGlobalSection
EndGlobal
